// !$*UTF8*$!
{
	archiveVersion = 1;
	classes = {
	};
	objectVersion = 46;
	objects = {

/* Begin PBXBuildFile section */
		1A02950F1A4A8A4100D4EF00 /* jyank1.png in Resources */ = {isa = PBXBuildFile; fileRef = 1A0295091A4A8A4100D4EF00 /* jyank1.png */; };
		1A0295101A4A8A4100D4EF00 /* jyank2.png in Resources */ = {isa = PBXBuildFile; fileRef = 1A02950A1A4A8A4100D4EF00 /* jyank2.png */; };
		1A0295111A4A8A4100D4EF00 /* jyank3.png in Resources */ = {isa = PBXBuildFile; fileRef = 1A02950B1A4A8A4100D4EF00 /* jyank3.png */; };
		1A0295121A4A8A4100D4EF00 /* jyank7.png in Resources */ = {isa = PBXBuildFile; fileRef = 1A02950C1A4A8A4100D4EF00 /* jyank7.png */; };
		1A0295131A4A8A4100D4EF00 /* jyank8.png in Resources */ = {isa = PBXBuildFile; fileRef = 1A02950D1A4A8A4100D4EF00 /* jyank8.png */; };
		1A0295161A4A8C8000D4EF00 /* jyank9.png in Resources */ = {isa = PBXBuildFile; fileRef = 1A0295151A4A8C8000D4EF00 /* jyank9.png */; };
		1A1F39EE1A4BD8EC00234478 /* center.png in Resources */ = {isa = PBXBuildFile; fileRef = 1A1F39ED1A4BD8EC00234478 /* center.png */; };
		1A26E84C1B32CD6800321956 /* 4.0Storyboard.storyboard in Resources */ = {isa = PBXBuildFile; fileRef = 1A26E84B1B32CD6800321956 /* 4.0Storyboard.storyboard */; };
		1A285E631A98967D0058C476 /* jyankenn .png in Resources */ = {isa = PBXBuildFile; fileRef = 1A285E621A98967D0058C476 /* jyankenn .png */; };
		1A39BDB11A4A4F390013B1D6 /* main.m in Sources */ = {isa = PBXBuildFile; fileRef = 1A39BDB01A4A4F390013B1D6 /* main.m */; };
		1A39BDB41A4A4F390013B1D6 /* AppDelegate.m in Sources */ = {isa = PBXBuildFile; fileRef = 1A39BDB31A4A4F390013B1D6 /* AppDelegate.m */; };
		1A39BDB71A4A4F390013B1D6 /* ViewController.m in Sources */ = {isa = PBXBuildFile; fileRef = 1A39BDB61A4A4F390013B1D6 /* ViewController.m */; };
		1A39BDBA1A4A4F390013B1D6 /* Main.storyboard in Resources */ = {isa = PBXBuildFile; fileRef = 1A39BDB81A4A4F390013B1D6 /* Main.storyboard */; };
		1A39BDBC1A4A4F390013B1D6 /* Images.xcassets in Resources */ = {isa = PBXBuildFile; fileRef = 1A39BDBB1A4A4F390013B1D6 /* Images.xcassets */; };
		1A39BDBF1A4A4F390013B1D6 /* LaunchScreen.xib in Resources */ = {isa = PBXBuildFile; fileRef = 1A39BDBD1A4A4F390013B1D6 /* LaunchScreen.xib */; };
		1A39BDCB1A4A4F390013B1D6 /* easy_gameTests.m in Sources */ = {isa = PBXBuildFile; fileRef = 1A39BDCA1A4A4F390013B1D6 /* easy_gameTests.m */; };
		1A39BDD61A4A59BA0013B1D6 /* SecondViewController.m in Sources */ = {isa = PBXBuildFile; fileRef = 1A39BDD51A4A59BA0013B1D6 /* SecondViewController.m */; };
		1A4962851A4A9FB700D1C06A /* up.png in Resources */ = {isa = PBXBuildFile; fileRef = 1A4962841A4A9FB700D1C06A /* up.png */; };
		1A4962891A4A9FD600D1C06A /* down.png in Resources */ = {isa = PBXBuildFile; fileRef = 1A4962871A4A9FD600D1C06A /* down.png */; };
		1A49628B1A4A9FE300D1C06A /* left.png in Resources */ = {isa = PBXBuildFile; fileRef = 1A49628A1A4A9FE300D1C06A /* left.png */; };
		1A49628D1A4A9FEE00D1C06A /* right.png in Resources */ = {isa = PBXBuildFile; fileRef = 1A49628C1A4A9FEE00D1C06A /* right.png */; };
		1A49628F1A4AAF3000D1C06A /* hidari.png in Resources */ = {isa = PBXBuildFile; fileRef = 1A49628E1A4AAF3000D1C06A /* hidari.png */; };
		1A4962921A4AAF4B00D1C06A /* sita.png in Resources */ = {isa = PBXBuildFile; fileRef = 1A4962901A4AAF4B00D1C06A /* sita.png */; };
		1A4962931A4AAF4B00D1C06A /* ue.png in Resources */ = {isa = PBXBuildFile; fileRef = 1A4962911A4AAF4B00D1C06A /* ue.png */; };
		1A4962951A4AAF5C00D1C06A /* migi.png in Resources */ = {isa = PBXBuildFile; fileRef = 1A4962941A4AAF5C00D1C06A /* migi.png */; };
		1A7969BE1B32D8F500D5DCCD /* TrakingManager.m in Sources */ = {isa = PBXBuildFile; fileRef = 1A7969BD1B32D8F500D5DCCD /* TrakingManager.m */; };
		1A954BEB1A4B9564000AAAD2 /* WinViewController.m in Sources */ = {isa = PBXBuildFile; fileRef = 1A954BEA1A4B9564000AAAD2 /* WinViewController.m */; };
		1AA08A161B198787004A07FF /* Icon-40.png in Resources */ = {isa = PBXBuildFile; fileRef = 1AA08A011B198787004A07FF /* Icon-40.png */; };
		1AA08A171B198787004A07FF /* Icon-40@2x.png in Resources */ = {isa = PBXBuildFile; fileRef = 1AA08A021B198787004A07FF /* Icon-40@2x.png */; };
		1AA08A181B198787004A07FF /* Icon-40@3x.png in Resources */ = {isa = PBXBuildFile; fileRef = 1AA08A031B198787004A07FF /* Icon-40@3x.png */; };
		1AA08A191B198787004A07FF /* Icon-60@2x.png in Resources */ = {isa = PBXBuildFile; fileRef = 1AA08A041B198787004A07FF /* Icon-60@2x.png */; };
		1AA08A1A1B198787004A07FF /* Icon-60@3x.png in Resources */ = {isa = PBXBuildFile; fileRef = 1AA08A051B198787004A07FF /* Icon-60@3x.png */; };
		1AA08A1B1B198787004A07FF /* Icon-76.png in Resources */ = {isa = PBXBuildFile; fileRef = 1AA08A061B198787004A07FF /* Icon-76.png */; };
		1AA08A1C1B198787004A07FF /* Icon-76@2x.png in Resources */ = {isa = PBXBuildFile; fileRef = 1AA08A071B198787004A07FF /* Icon-76@2x.png */; };
		1AA08A1D1B198787004A07FF /* Icon-Small.png in Resources */ = {isa = PBXBuildFile; fileRef = 1AA08A081B198787004A07FF /* Icon-Small.png */; };
		1AA08A1E1B198787004A07FF /* Icon-Small@2x.png in Resources */ = {isa = PBXBuildFile; fileRef = 1AA08A091B198787004A07FF /* Icon-Small@2x.png */; };
		1AA08A1F1B198787004A07FF /* Icon-Small@3x.png in Resources */ = {isa = PBXBuildFile; fileRef = 1AA08A0A1B198787004A07FF /* Icon-Small@3x.png */; };
		1AA08A201B198787004A07FF /* Icon-60.png in Resources */ = {isa = PBXBuildFile; fileRef = 1AA08A0B1B198787004A07FF /* Icon-60.png */; };
		1AA08A211B198787004A07FF /* Icon-72.png in Resources */ = {isa = PBXBuildFile; fileRef = 1AA08A0C1B198787004A07FF /* Icon-72.png */; };
		1AA08A221B198787004A07FF /* Icon-72@2x.png in Resources */ = {isa = PBXBuildFile; fileRef = 1AA08A0D1B198787004A07FF /* Icon-72@2x.png */; };
		1AA08A231B198787004A07FF /* Icon-Small-50.png in Resources */ = {isa = PBXBuildFile; fileRef = 1AA08A0E1B198787004A07FF /* Icon-Small-50.png */; };
		1AA08A241B198787004A07FF /* Icon-Small-50@2x.png in Resources */ = {isa = PBXBuildFile; fileRef = 1AA08A0F1B198787004A07FF /* Icon-Small-50@2x.png */; };
		1AA08A251B198787004A07FF /* Icon.png in Resources */ = {isa = PBXBuildFile; fileRef = 1AA08A101B198787004A07FF /* Icon.png */; };
		1AA08A261B198787004A07FF /* Icon@2x.png in Resources */ = {isa = PBXBuildFile; fileRef = 1AA08A111B198787004A07FF /* Icon@2x.png */; };
		1AA08A271B198787004A07FF /* iTunesArtwork.png in Resources */ = {isa = PBXBuildFile; fileRef = 1AA08A121B198787004A07FF /* iTunesArtwork.png */; };
		1AA08A281B198787004A07FF /* iTunesArtwork@2x.png in Resources */ = {isa = PBXBuildFile; fileRef = 1AA08A131B198787004A07FF /* iTunesArtwork@2x.png */; };
		1ACCEFD51A6111AA00DDC874 /* NannidosenntakuViewController.m in Sources */ = {isa = PBXBuildFile; fileRef = 1ACCEFD41A6111AA00DDC874 /* NannidosenntakuViewController.m */; };
		1ACCEFD81A61124200DDC874 /* CharengeViewController.m in Sources */ = {isa = PBXBuildFile; fileRef = 1ACCEFD71A61124200DDC874 /* CharengeViewController.m */; };
		1ACCEFDB1A61222400DDC874 /* resultViewController.m in Sources */ = {isa = PBXBuildFile; fileRef = 1ACCEFDA1A61222400DDC874 /* resultViewController.m */; };
		1AE5C87C1B07380500CD2891 /* AVFoundation.framework in Frameworks */ = {isa = PBXBuildFile; fileRef = 1AE5C87B1B07380500CD2891 /* AVFoundation.framework */; };
		1AE5C87E1B07381800CD2891 /* kannsei.mp3 in Resources */ = {isa = PBXBuildFile; fileRef = 1AE5C87D1B07381800CD2891 /* kannsei.mp3 */; };
		1AE5C8801B0762CE00CD2891 /* 3.5Storyboard.storyboard in Resources */ = {isa = PBXBuildFile; fileRef = 1AE5C87F1B0762CE00CD2891 /* 3.5Storyboard.storyboard */; };
		68CFF9F4D959E852EAFBD58D /* libPods-easy game.a in Frameworks */ = {isa = PBXBuildFile; fileRef = 657CADA10ABEB5B3A5EFA0C2 /* libPods-easy game.a */; };
/* End PBXBuildFile section */

/* Begin PBXContainerItemProxy section */
		1A39BDC51A4A4F390013B1D6 /* PBXContainerItemProxy */ = {
			isa = PBXContainerItemProxy;
			containerPortal = 1A39BDA31A4A4F390013B1D6 /* Project object */;
			proxyType = 1;
			remoteGlobalIDString = 1A39BDAA1A4A4F390013B1D6;
			remoteInfo = "easy game";
		};
/* End PBXContainerItemProxy section */

/* Begin PBXFileReference section */
		1A0295091A4A8A4100D4EF00 /* jyank1.png */ = {isa = PBXFileReference; lastKnownFileType = image.png; path = jyank1.png; sourceTree = "<group>"; };
		1A02950A1A4A8A4100D4EF00 /* jyank2.png */ = {isa = PBXFileReference; lastKnownFileType = image.png; path = jyank2.png; sourceTree = "<group>"; };
		1A02950B1A4A8A4100D4EF00 /* jyank3.png */ = {isa = PBXFileReference; lastKnownFileType = image.png; path = jyank3.png; sourceTree = "<group>"; };
		1A02950C1A4A8A4100D4EF00 /* jyank7.png */ = {isa = PBXFileReference; lastKnownFileType = image.png; path = jyank7.png; sourceTree = "<group>"; };
		1A02950D1A4A8A4100D4EF00 /* jyank8.png */ = {isa = PBXFileReference; lastKnownFileType = image.png; path = jyank8.png; sourceTree = "<group>"; };
		1A0295151A4A8C8000D4EF00 /* jyank9.png */ = {isa = PBXFileReference; lastKnownFileType = image.png; path = jyank9.png; sourceTree = "<group>"; };
		1A1F39ED1A4BD8EC00234478 /* center.png */ = {isa = PBXFileReference; lastKnownFileType = image.png; path = center.png; sourceTree = "<group>"; };
		1A26E84B1B32CD6800321956 /* 4.0Storyboard.storyboard */ = {isa = PBXFileReference; fileEncoding = 4; lastKnownFileType = file.storyboard; path = 4.0Storyboard.storyboard; sourceTree = "<group>"; };
		1A285E621A98967D0058C476 /* jyankenn .png */ = {isa = PBXFileReference; lastKnownFileType = image.png; path = "jyankenn .png"; sourceTree = "<group>"; };
		1A2A711C1B3BF9A9004328FC /* libsqlite3.0.dylib */ = {isa = PBXFileReference; lastKnownFileType = "compiled.mach-o.dylib"; name = libsqlite3.0.dylib; path = usr/lib/libsqlite3.0.dylib; sourceTree = SDKROOT; };
		1A39BDAB1A4A4F390013B1D6 /* easy game.app */ = {isa = PBXFileReference; explicitFileType = wrapper.application; includeInIndex = 0; path = "easy game.app"; sourceTree = BUILT_PRODUCTS_DIR; };
		1A39BDAF1A4A4F390013B1D6 /* Info.plist */ = {isa = PBXFileReference; lastKnownFileType = text.plist.xml; path = Info.plist; sourceTree = "<group>"; };
		1A39BDB01A4A4F390013B1D6 /* main.m */ = {isa = PBXFileReference; lastKnownFileType = sourcecode.c.objc; path = main.m; sourceTree = "<group>"; };
		1A39BDB21A4A4F390013B1D6 /* AppDelegate.h */ = {isa = PBXFileReference; lastKnownFileType = sourcecode.c.h; path = AppDelegate.h; sourceTree = "<group>"; };
		1A39BDB31A4A4F390013B1D6 /* AppDelegate.m */ = {isa = PBXFileReference; lastKnownFileType = sourcecode.c.objc; path = AppDelegate.m; sourceTree = "<group>"; };
		1A39BDB51A4A4F390013B1D6 /* ViewController.h */ = {isa = PBXFileReference; lastKnownFileType = sourcecode.c.h; path = ViewController.h; sourceTree = "<group>"; };
		1A39BDB61A4A4F390013B1D6 /* ViewController.m */ = {isa = PBXFileReference; lastKnownFileType = sourcecode.c.objc; path = ViewController.m; sourceTree = "<group>"; };
		1A39BDB91A4A4F390013B1D6 /* Base */ = {isa = PBXFileReference; lastKnownFileType = file.storyboard; name = Base; path = Base.lproj/Main.storyboard; sourceTree = "<group>"; };
		1A39BDBB1A4A4F390013B1D6 /* Images.xcassets */ = {isa = PBXFileReference; lastKnownFileType = folder.assetcatalog; path = Images.xcassets; sourceTree = "<group>"; };
		1A39BDBE1A4A4F390013B1D6 /* Base */ = {isa = PBXFileReference; lastKnownFileType = file.xib; name = Base; path = Base.lproj/LaunchScreen.xib; sourceTree = "<group>"; };
		1A39BDC41A4A4F390013B1D6 /* easy gameTests.xctest */ = {isa = PBXFileReference; explicitFileType = wrapper.cfbundle; includeInIndex = 0; path = "easy gameTests.xctest"; sourceTree = BUILT_PRODUCTS_DIR; };
		1A39BDC91A4A4F390013B1D6 /* Info.plist */ = {isa = PBXFileReference; lastKnownFileType = text.plist.xml; path = Info.plist; sourceTree = "<group>"; };
		1A39BDCA1A4A4F390013B1D6 /* easy_gameTests.m */ = {isa = PBXFileReference; lastKnownFileType = sourcecode.c.objc; path = easy_gameTests.m; sourceTree = "<group>"; };
		1A39BDD41A4A59BA0013B1D6 /* SecondViewController.h */ = {isa = PBXFileReference; fileEncoding = 4; lastKnownFileType = sourcecode.c.h; path = SecondViewController.h; sourceTree = "<group>"; };
		1A39BDD51A4A59BA0013B1D6 /* SecondViewController.m */ = {isa = PBXFileReference; fileEncoding = 4; lastKnownFileType = sourcecode.c.objc; path = SecondViewController.m; sourceTree = "<group>"; };
		1A4962841A4A9FB700D1C06A /* up.png */ = {isa = PBXFileReference; lastKnownFileType = image.png; path = up.png; sourceTree = "<group>"; };
		1A4962871A4A9FD600D1C06A /* down.png */ = {isa = PBXFileReference; lastKnownFileType = image.png; path = down.png; sourceTree = "<group>"; };
		1A49628A1A4A9FE300D1C06A /* left.png */ = {isa = PBXFileReference; lastKnownFileType = image.png; path = left.png; sourceTree = "<group>"; };
		1A49628C1A4A9FEE00D1C06A /* right.png */ = {isa = PBXFileReference; lastKnownFileType = image.png; path = right.png; sourceTree = "<group>"; };
		1A49628E1A4AAF3000D1C06A /* hidari.png */ = {isa = PBXFileReference; lastKnownFileType = image.png; path = hidari.png; sourceTree = "<group>"; };
		1A4962901A4AAF4B00D1C06A /* sita.png */ = {isa = PBXFileReference; lastKnownFileType = image.png; path = sita.png; sourceTree = "<group>"; };
		1A4962911A4AAF4B00D1C06A /* ue.png */ = {isa = PBXFileReference; lastKnownFileType = image.png; path = ue.png; sourceTree = "<group>"; };
		1A4962941A4AAF5C00D1C06A /* migi.png */ = {isa = PBXFileReference; lastKnownFileType = image.png; path = migi.png; sourceTree = "<group>"; };
		1A7969BC1B32D8F500D5DCCD /* TrakingManager.h */ = {isa = PBXFileReference; fileEncoding = 4; lastKnownFileType = sourcecode.c.h; path = TrakingManager.h; sourceTree = "<group>"; };
		1A7969BD1B32D8F500D5DCCD /* TrakingManager.m */ = {isa = PBXFileReference; fileEncoding = 4; lastKnownFileType = sourcecode.c.objc; path = TrakingManager.m; sourceTree = "<group>"; };
		1A954BE91A4B9564000AAAD2 /* WinViewController.h */ = {isa = PBXFileReference; fileEncoding = 4; lastKnownFileType = sourcecode.c.h; path = WinViewController.h; sourceTree = "<group>"; };
		1A954BEA1A4B9564000AAAD2 /* WinViewController.m */ = {isa = PBXFileReference; fileEncoding = 4; lastKnownFileType = sourcecode.c.objc; path = WinViewController.m; sourceTree = "<group>"; };
		1AA08A011B198787004A07FF /* Icon-40.png */ = {isa = PBXFileReference; lastKnownFileType = image.png; path = "Icon-40.png"; sourceTree = "<group>"; };
		1AA08A021B198787004A07FF /* Icon-40@2x.png */ = {isa = PBXFileReference; lastKnownFileType = image.png; path = "Icon-40@2x.png"; sourceTree = "<group>"; };
		1AA08A031B198787004A07FF /* Icon-40@3x.png */ = {isa = PBXFileReference; lastKnownFileType = image.png; path = "Icon-40@3x.png"; sourceTree = "<group>"; };
		1AA08A041B198787004A07FF /* Icon-60@2x.png */ = {isa = PBXFileReference; lastKnownFileType = image.png; path = "Icon-60@2x.png"; sourceTree = "<group>"; };
		1AA08A051B198787004A07FF /* Icon-60@3x.png */ = {isa = PBXFileReference; lastKnownFileType = image.png; path = "Icon-60@3x.png"; sourceTree = "<group>"; };
		1AA08A061B198787004A07FF /* Icon-76.png */ = {isa = PBXFileReference; lastKnownFileType = image.png; path = "Icon-76.png"; sourceTree = "<group>"; };
		1AA08A071B198787004A07FF /* Icon-76@2x.png */ = {isa = PBXFileReference; lastKnownFileType = image.png; path = "Icon-76@2x.png"; sourceTree = "<group>"; };
		1AA08A081B198787004A07FF /* Icon-Small.png */ = {isa = PBXFileReference; lastKnownFileType = image.png; path = "Icon-Small.png"; sourceTree = "<group>"; };
		1AA08A091B198787004A07FF /* Icon-Small@2x.png */ = {isa = PBXFileReference; lastKnownFileType = image.png; path = "Icon-Small@2x.png"; sourceTree = "<group>"; };
		1AA08A0A1B198787004A07FF /* Icon-Small@3x.png */ = {isa = PBXFileReference; lastKnownFileType = image.png; path = "Icon-Small@3x.png"; sourceTree = "<group>"; };
		1AA08A0B1B198787004A07FF /* Icon-60.png */ = {isa = PBXFileReference; lastKnownFileType = image.png; path = "Icon-60.png"; sourceTree = "<group>"; };
		1AA08A0C1B198787004A07FF /* Icon-72.png */ = {isa = PBXFileReference; lastKnownFileType = image.png; path = "Icon-72.png"; sourceTree = "<group>"; };
		1AA08A0D1B198787004A07FF /* Icon-72@2x.png */ = {isa = PBXFileReference; lastKnownFileType = image.png; path = "Icon-72@2x.png"; sourceTree = "<group>"; };
		1AA08A0E1B198787004A07FF /* Icon-Small-50.png */ = {isa = PBXFileReference; lastKnownFileType = image.png; path = "Icon-Small-50.png"; sourceTree = "<group>"; };
		1AA08A0F1B198787004A07FF /* Icon-Small-50@2x.png */ = {isa = PBXFileReference; lastKnownFileType = image.png; path = "Icon-Small-50@2x.png"; sourceTree = "<group>"; };
		1AA08A101B198787004A07FF /* Icon.png */ = {isa = PBXFileReference; lastKnownFileType = image.png; path = Icon.png; sourceTree = "<group>"; };
		1AA08A111B198787004A07FF /* Icon@2x.png */ = {isa = PBXFileReference; lastKnownFileType = image.png; path = "Icon@2x.png"; sourceTree = "<group>"; };
		1AA08A121B198787004A07FF /* iTunesArtwork.png */ = {isa = PBXFileReference; lastKnownFileType = image.png; path = iTunesArtwork.png; sourceTree = "<group>"; };
		1AA08A131B198787004A07FF /* iTunesArtwork@2x.png */ = {isa = PBXFileReference; lastKnownFileType = image.png; path = "iTunesArtwork@2x.png"; sourceTree = "<group>"; };
		1ACCEFD31A6111AA00DDC874 /* NannidosenntakuViewController.h */ = {isa = PBXFileReference; fileEncoding = 4; lastKnownFileType = sourcecode.c.h; path = NannidosenntakuViewController.h; sourceTree = "<group>"; };
		1ACCEFD41A6111AA00DDC874 /* NannidosenntakuViewController.m */ = {isa = PBXFileReference; fileEncoding = 4; lastKnownFileType = sourcecode.c.objc; path = NannidosenntakuViewController.m; sourceTree = "<group>"; };
		1ACCEFD61A61124200DDC874 /* CharengeViewController.h */ = {isa = PBXFileReference; fileEncoding = 4; lastKnownFileType = sourcecode.c.h; path = CharengeViewController.h; sourceTree = "<group>"; };
		1ACCEFD71A61124200DDC874 /* CharengeViewController.m */ = {isa = PBXFileReference; fileEncoding = 4; lastKnownFileType = sourcecode.c.objc; path = CharengeViewController.m; sourceTree = "<group>"; };
		1ACCEFD91A61222400DDC874 /* resultViewController.h */ = {isa = PBXFileReference; fileEncoding = 4; lastKnownFileType = sourcecode.c.h; path = resultViewController.h; sourceTree = "<group>"; };
		1ACCEFDA1A61222400DDC874 /* resultViewController.m */ = {isa = PBXFileReference; fileEncoding = 4; lastKnownFileType = sourcecode.c.objc; path = resultViewController.m; sourceTree = "<group>"; };
		1AE5C87B1B07380500CD2891 /* AVFoundation.framework */ = {isa = PBXFileReference; lastKnownFileType = wrapper.framework; name = AVFoundation.framework; path = System/Library/Frameworks/AVFoundation.framework; sourceTree = SDKROOT; };
		1AE5C87D1B07381800CD2891 /* kannsei.mp3 */ = {isa = PBXFileReference; lastKnownFileType = audio.mp3; path = kannsei.mp3; sourceTree = "<group>"; };
		1AE5C87F1B0762CE00CD2891 /* 3.5Storyboard.storyboard */ = {isa = PBXFileReference; fileEncoding = 4; lastKnownFileType = file.storyboard; path = 3.5Storyboard.storyboard; sourceTree = "<group>"; };
		657CADA10ABEB5B3A5EFA0C2 /* libPods-easy game.a */ = {isa = PBXFileReference; explicitFileType = archive.ar; includeInIndex = 0; path = "libPods-easy game.a"; sourceTree = BUILT_PRODUCTS_DIR; };
		B0667068D44C9355A5183498 /* Pods-easy game.debug.xcconfig */ = {isa = PBXFileReference; includeInIndex = 1; lastKnownFileType = text.xcconfig; name = "Pods-easy game.debug.xcconfig"; path = "Pods/Target Support Files/Pods-easy game/Pods-easy game.debug.xcconfig"; sourceTree = "<group>"; };
		C414DD276CA49424823FBABD /* Pods-easy game.release.xcconfig */ = {isa = PBXFileReference; includeInIndex = 1; lastKnownFileType = text.xcconfig; name = "Pods-easy game.release.xcconfig"; path = "Pods/Target Support Files/Pods-easy game/Pods-easy game.release.xcconfig"; sourceTree = "<group>"; };
/* End PBXFileReference section */

/* Begin PBXFrameworksBuildPhase section */
		1A39BDA81A4A4F390013B1D6 /* Frameworks */ = {
			isa = PBXFrameworksBuildPhase;
			buildActionMask = 2147483647;
			files = (
				1AE5C87C1B07380500CD2891 /* AVFoundation.framework in Frameworks */,
				68CFF9F4D959E852EAFBD58D /* libPods-easy game.a in Frameworks */,
			);
			runOnlyForDeploymentPostprocessing = 0;
		};
		1A39BDC11A4A4F390013B1D6 /* Frameworks */ = {
			isa = PBXFrameworksBuildPhase;
			buildActionMask = 2147483647;
			files = (
			);
			runOnlyForDeploymentPostprocessing = 0;
		};
/* End PBXFrameworksBuildPhase section */

/* Begin PBXGroup section */
		1A39BDA21A4A4F390013B1D6 = {
			isa = PBXGroup;
			children = (
				1AE5C87B1B07380500CD2891 /* AVFoundation.framework */,
				1A39BDAD1A4A4F390013B1D6 /* easy game */,
				1A39BDC71A4A4F390013B1D6 /* easy gameTests */,
				1A39BDAC1A4A4F390013B1D6 /* Products */,
				2C2D9E0B73A40B8F12FDD58E /* Pods */,
				2C5FC695805E9FCB308CAB91 /* Frameworks */,
			);
			sourceTree = "<group>";
		};
		1A39BDAC1A4A4F390013B1D6 /* Products */ = {
			isa = PBXGroup;
			children = (
				1A39BDAB1A4A4F390013B1D6 /* easy game.app */,
				1A39BDC41A4A4F390013B1D6 /* easy gameTests.xctest */,
			);
			name = Products;
			sourceTree = "<group>";
		};
		1A39BDAD1A4A4F390013B1D6 /* easy game */ = {
			isa = PBXGroup;
			children = (
				1A6BA1451B3C092A003033A8 /* Images */,
				1A6BA1461B3C0938003033A8 /* Sounds */,
				1A6BA1471B3C094F003033A8 /* Storyboards */,
				1A39BDB21A4A4F390013B1D6 /* AppDelegate.h */,
				1A39BDB31A4A4F390013B1D6 /* AppDelegate.m */,
				1A7969BC1B32D8F500D5DCCD /* TrakingManager.h */,
				1A7969BD1B32D8F500D5DCCD /* TrakingManager.m */,
				1A6BA1481B3C0962003033A8 /* ViewControllers */,
				1A39BDBB1A4A4F390013B1D6 /* Images.xcassets */,
				1A39BDBD1A4A4F390013B1D6 /* LaunchScreen.xib */,
				1A39BDAE1A4A4F390013B1D6 /* Supporting Files */,
			);
			path = "easy game";
			sourceTree = "<group>";
		};
		1A39BDAE1A4A4F390013B1D6 /* Supporting Files */ = {
			isa = PBXGroup;
			children = (
				1A39BDAF1A4A4F390013B1D6 /* Info.plist */,
				1A39BDB01A4A4F390013B1D6 /* main.m */,
			);
			path = "Supporting Files";
			sourceTree = "<group>";
		};
		1A39BDC71A4A4F390013B1D6 /* easy gameTests */ = {
			isa = PBXGroup;
			children = (
				1A39BDCA1A4A4F390013B1D6 /* easy_gameTests.m */,
				1A39BDC81A4A4F390013B1D6 /* Supporting Files */,
			);
			path = "easy gameTests";
			sourceTree = "<group>";
		};
		1A39BDC81A4A4F390013B1D6 /* Supporting Files */ = {
			isa = PBXGroup;
			children = (
				1A39BDC91A4A4F390013B1D6 /* Info.plist */,
			);
			path = "Supporting Files";
			sourceTree = "<group>";
		};
		1A6BA1451B3C092A003033A8 /* Images */ = {
			isa = PBXGroup;
			children = (
				1AA089FE1B198787004A07FF /* icons */,
				1A285E621A98967D0058C476 /* jyankenn .png */,
				1A1F39ED1A4BD8EC00234478 /* center.png */,
				1A4962941A4AAF5C00D1C06A /* migi.png */,
				1A4962901A4AAF4B00D1C06A /* sita.png */,
				1A4962911A4AAF4B00D1C06A /* ue.png */,
				1A49628E1A4AAF3000D1C06A /* hidari.png */,
				1A49628C1A4A9FEE00D1C06A /* right.png */,
				1A49628A1A4A9FE300D1C06A /* left.png */,
				1A4962871A4A9FD600D1C06A /* down.png */,
				1A4962841A4A9FB700D1C06A /* up.png */,
				1A0295091A4A8A4100D4EF00 /* jyank1.png */,
				1A02950A1A4A8A4100D4EF00 /* jyank2.png */,
				1A02950B1A4A8A4100D4EF00 /* jyank3.png */,
				1A02950C1A4A8A4100D4EF00 /* jyank7.png */,
				1A02950D1A4A8A4100D4EF00 /* jyank8.png */,
				1A0295151A4A8C8000D4EF00 /* jyank9.png */,
			);
			path = Images;
			sourceTree = "<group>";
		};
		1A6BA1461B3C0938003033A8 /* Sounds */ = {
			isa = PBXGroup;
			children = (
				1AE5C87D1B07381800CD2891 /* kannsei.mp3 */,
			);
			path = Sounds;
			sourceTree = "<group>";
		};
		1A6BA1471B3C094F003033A8 /* Storyboards */ = {
			isa = PBXGroup;
			children = (
				1A39BDB81A4A4F390013B1D6 /* Main.storyboard */,
				1A26E84B1B32CD6800321956 /* 4.0Storyboard.storyboard */,
				1AE5C87F1B0762CE00CD2891 /* 3.5Storyboard.storyboard */,
			);
			path = Storyboards;
			sourceTree = "<group>";
		};
		1A6BA1481B3C0962003033A8 /* ViewControllers */ = {
			isa = PBXGroup;
			children = (
				1A39BDB51A4A4F390013B1D6 /* ViewController.h */,
				1A39BDB61A4A4F390013B1D6 /* ViewController.m */,
				1ACCEFD91A61222400DDC874 /* resultViewController.h */,
				1ACCEFDA1A61222400DDC874 /* resultViewController.m */,
				1ACCEFD61A61124200DDC874 /* CharengeViewController.h */,
				1ACCEFD71A61124200DDC874 /* CharengeViewController.m */,
				1ACCEFD31A6111AA00DDC874 /* NannidosenntakuViewController.h */,
				1ACCEFD41A6111AA00DDC874 /* NannidosenntakuViewController.m */,
				1A954BE91A4B9564000AAAD2 /* WinViewController.h */,
				1A954BEA1A4B9564000AAAD2 /* WinViewController.m */,
				1A39BDD41A4A59BA0013B1D6 /* SecondViewController.h */,
				1A39BDD51A4A59BA0013B1D6 /* SecondViewController.m */,
			);
			path = ViewControllers;
			sourceTree = "<group>";
		};
		1AA089FE1B198787004A07FF /* icons */ = {
			isa = PBXGroup;
			children = (
				1AA089FF1B198787004A07FF /* AppIcon.appiconset */,
				1AA08A0B1B198787004A07FF /* Icon-60.png */,
				1AA08A0C1B198787004A07FF /* Icon-72.png */,
				1AA08A0D1B198787004A07FF /* Icon-72@2x.png */,
				1AA08A0E1B198787004A07FF /* Icon-Small-50.png */,
				1AA08A0F1B198787004A07FF /* Icon-Small-50@2x.png */,
				1AA08A101B198787004A07FF /* Icon.png */,
				1AA08A111B198787004A07FF /* Icon@2x.png */,
				1AA08A121B198787004A07FF /* iTunesArtwork.png */,
				1AA08A131B198787004A07FF /* iTunesArtwork@2x.png */,
			);
			path = icons;
			sourceTree = "<group>";
		};
		1AA089FF1B198787004A07FF /* AppIcon.appiconset */ = {
			isa = PBXGroup;
			children = (
				1AA08A011B198787004A07FF /* Icon-40.png */,
				1AA08A021B198787004A07FF /* Icon-40@2x.png */,
				1AA08A031B198787004A07FF /* Icon-40@3x.png */,
				1AA08A041B198787004A07FF /* Icon-60@2x.png */,
				1AA08A051B198787004A07FF /* Icon-60@3x.png */,
				1AA08A061B198787004A07FF /* Icon-76.png */,
				1AA08A071B198787004A07FF /* Icon-76@2x.png */,
				1AA08A081B198787004A07FF /* Icon-Small.png */,
				1AA08A091B198787004A07FF /* Icon-Small@2x.png */,
				1AA08A0A1B198787004A07FF /* Icon-Small@3x.png */,
			);
			path = AppIcon.appiconset;
			sourceTree = "<group>";
		};
		2C2D9E0B73A40B8F12FDD58E /* Pods */ = {
			isa = PBXGroup;
			children = (
				B0667068D44C9355A5183498 /* Pods-easy game.debug.xcconfig */,
				C414DD276CA49424823FBABD /* Pods-easy game.release.xcconfig */,
			);
			name = Pods;
			sourceTree = "<group>";
		};
		2C5FC695805E9FCB308CAB91 /* Frameworks */ = {
			isa = PBXGroup;
			children = (
				1A2A711C1B3BF9A9004328FC /* libsqlite3.0.dylib */,
				657CADA10ABEB5B3A5EFA0C2 /* libPods-easy game.a */,
			);
			name = Frameworks;
			sourceTree = "<group>";
		};
/* End PBXGroup section */

/* Begin PBXNativeTarget section */
		1A39BDAA1A4A4F390013B1D6 /* easy game */ = {
			isa = PBXNativeTarget;
			buildConfigurationList = 1A39BDCE1A4A4F390013B1D6 /* Build configuration list for PBXNativeTarget "easy game" */;
			buildPhases = (
				AF5758220B5E18DE75A0FE01 /* Check Pods Manifest.lock */,
				1A39BDA71A4A4F390013B1D6 /* Sources */,
				1A39BDA81A4A4F390013B1D6 /* Frameworks */,
				1A39BDA91A4A4F390013B1D6 /* Resources */,
				0C5A3899E46BD80373E7B05E /* Copy Pods Resources */,
			);
			buildRules = (
			);
			dependencies = (
			);
			name = "easy game";
			productName = "easy game";
			productReference = 1A39BDAB1A4A4F390013B1D6 /* easy game.app */;
			productType = "com.apple.product-type.application";
		};
		1A39BDC31A4A4F390013B1D6 /* easy gameTests */ = {
			isa = PBXNativeTarget;
			buildConfigurationList = 1A39BDD11A4A4F390013B1D6 /* Build configuration list for PBXNativeTarget "easy gameTests" */;
			buildPhases = (
				1A39BDC01A4A4F390013B1D6 /* Sources */,
				1A39BDC11A4A4F390013B1D6 /* Frameworks */,
				1A39BDC21A4A4F390013B1D6 /* Resources */,
			);
			buildRules = (
			);
			dependencies = (
				1A39BDC61A4A4F390013B1D6 /* PBXTargetDependency */,
			);
			name = "easy gameTests";
			productName = "easy gameTests";
			productReference = 1A39BDC41A4A4F390013B1D6 /* easy gameTests.xctest */;
			productType = "com.apple.product-type.bundle.unit-test";
		};
/* End PBXNativeTarget section */

/* Begin PBXProject section */
		1A39BDA31A4A4F390013B1D6 /* Project object */ = {
			isa = PBXProject;
			attributes = {
				LastUpgradeCheck = 0610;
				ORGANIZATIONNAME = "Syotaro Shimizu";
				TargetAttributes = {
					1A39BDAA1A4A4F390013B1D6 = {
						CreatedOnToolsVersion = 6.1.1;
						DevelopmentTeam = D56N39PD73;
					};
					1A39BDC31A4A4F390013B1D6 = {
						CreatedOnToolsVersion = 6.1.1;
						TestTargetID = 1A39BDAA1A4A4F390013B1D6;
					};
				};
			};
			buildConfigurationList = 1A39BDA61A4A4F390013B1D6 /* Build configuration list for PBXProject "easy game" */;
			compatibilityVersion = "Xcode 3.2";
			developmentRegion = English;
			hasScannedForEncodings = 0;
			knownRegions = (
				en,
				Base,
			);
			mainGroup = 1A39BDA21A4A4F390013B1D6;
			productRefGroup = 1A39BDAC1A4A4F390013B1D6 /* Products */;
			projectDirPath = "";
			projectRoot = "";
			targets = (
				1A39BDAA1A4A4F390013B1D6 /* easy game */,
				1A39BDC31A4A4F390013B1D6 /* easy gameTests */,
			);
		};
/* End PBXProject section */

/* Begin PBXResourcesBuildPhase section */
		1A39BDA91A4A4F390013B1D6 /* Resources */ = {
			isa = PBXResourcesBuildPhase;
			buildActionMask = 2147483647;
			files = (
				1A49628B1A4A9FE300D1C06A /* left.png in Resources */,
				1AA08A261B198787004A07FF /* Icon@2x.png in Resources */,
				1A4962851A4A9FB700D1C06A /* up.png in Resources */,
				1A4962891A4A9FD600D1C06A /* down.png in Resources */,
				1AA08A1E1B198787004A07FF /* Icon-Small@2x.png in Resources */,
				1A0295101A4A8A4100D4EF00 /* jyank2.png in Resources */,
				1A1F39EE1A4BD8EC00234478 /* center.png in Resources */,
				1A0295111A4A8A4100D4EF00 /* jyank3.png in Resources */,
				1AA08A221B198787004A07FF /* Icon-72@2x.png in Resources */,
				1A0295131A4A8A4100D4EF00 /* jyank8.png in Resources */,
				1A0295121A4A8A4100D4EF00 /* jyank7.png in Resources */,
				1AA08A251B198787004A07FF /* Icon.png in Resources */,
				1AA08A241B198787004A07FF /* Icon-Small-50@2x.png in Resources */,
				1AA08A1D1B198787004A07FF /* Icon-Small.png in Resources */,
				1A49628F1A4AAF3000D1C06A /* hidari.png in Resources */,
				1AA08A1C1B198787004A07FF /* Icon-76@2x.png in Resources */,
				1A0295161A4A8C8000D4EF00 /* jyank9.png in Resources */,
				1AA08A161B198787004A07FF /* Icon-40.png in Resources */,
				1A39BDBA1A4A4F390013B1D6 /* Main.storyboard in Resources */,
				1A4962931A4AAF4B00D1C06A /* ue.png in Resources */,
				1AE5C8801B0762CE00CD2891 /* 3.5Storyboard.storyboard in Resources */,
				1AA08A191B198787004A07FF /* Icon-60@2x.png in Resources */,
				1A4962951A4AAF5C00D1C06A /* migi.png in Resources */,
				1AA08A231B198787004A07FF /* Icon-Small-50.png in Resources */,
				1AA08A1B1B198787004A07FF /* Icon-76.png in Resources */,
				1A49628D1A4A9FEE00D1C06A /* right.png in Resources */,
				1A39BDBF1A4A4F390013B1D6 /* LaunchScreen.xib in Resources */,
				1A4962921A4AAF4B00D1C06A /* sita.png in Resources */,
				1AA08A181B198787004A07FF /* Icon-40@3x.png in Resources */,
				1AE5C87E1B07381800CD2891 /* kannsei.mp3 in Resources */,
				1AA08A201B198787004A07FF /* Icon-60.png in Resources */,
				1A39BDBC1A4A4F390013B1D6 /* Images.xcassets in Resources */,
				1AA08A171B198787004A07FF /* Icon-40@2x.png in Resources */,
				1A26E84C1B32CD6800321956 /* 4.0Storyboard.storyboard in Resources */,
				1AA08A1A1B198787004A07FF /* Icon-60@3x.png in Resources */,
				1A285E631A98967D0058C476 /* jyankenn .png in Resources */,
				1AA08A281B198787004A07FF /* iTunesArtwork@2x.png in Resources */,
				1AA08A211B198787004A07FF /* Icon-72.png in Resources */,
				1AA08A1F1B198787004A07FF /* Icon-Small@3x.png in Resources */,
				1AA08A271B198787004A07FF /* iTunesArtwork.png in Resources */,
				1A02950F1A4A8A4100D4EF00 /* jyank1.png in Resources */,
			);
			runOnlyForDeploymentPostprocessing = 0;
		};
		1A39BDC21A4A4F390013B1D6 /* Resources */ = {
			isa = PBXResourcesBuildPhase;
			buildActionMask = 2147483647;
			files = (
			);
			runOnlyForDeploymentPostprocessing = 0;
		};
/* End PBXResourcesBuildPhase section */

/* Begin PBXShellScriptBuildPhase section */
		0C5A3899E46BD80373E7B05E /* Copy Pods Resources */ = {
			isa = PBXShellScriptBuildPhase;
			buildActionMask = 2147483647;
			files = (
			);
			inputPaths = (
			);
			name = "Copy Pods Resources";
			outputPaths = (
			);
			runOnlyForDeploymentPostprocessing = 0;
			shellPath = /bin/sh;
			shellScript = "\"${SRCROOT}/Pods/Target Support Files/Pods-easy game/Pods-easy game-resources.sh\"\n";
			showEnvVarsInLog = 0;
		};
		AF5758220B5E18DE75A0FE01 /* Check Pods Manifest.lock */ = {
			isa = PBXShellScriptBuildPhase;
			buildActionMask = 2147483647;
			files = (
			);
			inputPaths = (
			);
			name = "Check Pods Manifest.lock";
			outputPaths = (
			);
			runOnlyForDeploymentPostprocessing = 0;
			shellPath = /bin/sh;
			shellScript = "diff \"${PODS_ROOT}/../Podfile.lock\" \"${PODS_ROOT}/Manifest.lock\" > /dev/null\nif [[ $? != 0 ]] ; then\n    cat << EOM\nerror: The sandbox is not in sync with the Podfile.lock. Run 'pod install' or update your CocoaPods installation.\nEOM\n    exit 1\nfi\n";
			showEnvVarsInLog = 0;
		};
/* End PBXShellScriptBuildPhase section */

/* Begin PBXSourcesBuildPhase section */
		1A39BDA71A4A4F390013B1D6 /* Sources */ = {
			isa = PBXSourcesBuildPhase;
			buildActionMask = 2147483647;
			files = (
				1A7969BE1B32D8F500D5DCCD /* TrakingManager.m in Sources */,
				1A39BDD61A4A59BA0013B1D6 /* SecondViewController.m in Sources */,
				1ACCEFD51A6111AA00DDC874 /* NannidosenntakuViewController.m in Sources */,
				1A39BDB71A4A4F390013B1D6 /* ViewController.m in Sources */,
				1A954BEB1A4B9564000AAAD2 /* WinViewController.m in Sources */,
				1A39BDB41A4A4F390013B1D6 /* AppDelegate.m in Sources */,
				1A39BDB11A4A4F390013B1D6 /* main.m in Sources */,
				1ACCEFD81A61124200DDC874 /* CharengeViewController.m in Sources */,
				1ACCEFDB1A61222400DDC874 /* resultViewController.m in Sources */,
			);
			runOnlyForDeploymentPostprocessing = 0;
		};
		1A39BDC01A4A4F390013B1D6 /* Sources */ = {
			isa = PBXSourcesBuildPhase;
			buildActionMask = 2147483647;
			files = (
				1A39BDCB1A4A4F390013B1D6 /* easy_gameTests.m in Sources */,
			);
			runOnlyForDeploymentPostprocessing = 0;
		};
/* End PBXSourcesBuildPhase section */

/* Begin PBXTargetDependency section */
		1A39BDC61A4A4F390013B1D6 /* PBXTargetDependency */ = {
			isa = PBXTargetDependency;
			target = 1A39BDAA1A4A4F390013B1D6 /* easy game */;
			targetProxy = 1A39BDC51A4A4F390013B1D6 /* PBXContainerItemProxy */;
		};
/* End PBXTargetDependency section */

/* Begin PBXVariantGroup section */
		1A39BDB81A4A4F390013B1D6 /* Main.storyboard */ = {
			isa = PBXVariantGroup;
			children = (
				1A39BDB91A4A4F390013B1D6 /* Base */,
			);
			name = Main.storyboard;
			path = .;
			sourceTree = "<group>";
		};
		1A39BDBD1A4A4F390013B1D6 /* LaunchScreen.xib */ = {
			isa = PBXVariantGroup;
			children = (
				1A39BDBE1A4A4F390013B1D6 /* Base */,
			);
			name = LaunchScreen.xib;
			path = .;
			sourceTree = "<group>";
		};
/* End PBXVariantGroup section */

/* Begin XCBuildConfiguration section */
		1A39BDCC1A4A4F390013B1D6 /* Debug */ = {
			isa = XCBuildConfiguration;
			buildSettings = {
				ALWAYS_SEARCH_USER_PATHS = NO;
				CLANG_CXX_LANGUAGE_STANDARD = "gnu++0x";
				CLANG_CXX_LIBRARY = "libc++";
				CLANG_ENABLE_MODULES = YES;
				CLANG_ENABLE_OBJC_ARC = YES;
				CLANG_WARN_BOOL_CONVERSION = YES;
				CLANG_WARN_CONSTANT_CONVERSION = YES;
				CLANG_WARN_DIRECT_OBJC_ISA_USAGE = YES_ERROR;
				CLANG_WARN_EMPTY_BODY = YES;
				CLANG_WARN_ENUM_CONVERSION = YES;
				CLANG_WARN_INT_CONVERSION = YES;
				CLANG_WARN_OBJC_ROOT_CLASS = YES_ERROR;
				CLANG_WARN_UNREACHABLE_CODE = YES;
				CLANG_WARN__DUPLICATE_METHOD_MATCH = YES;
				CODE_SIGN_IDENTITY = "iPhone Distribution";
				"CODE_SIGN_IDENTITY[sdk=iphoneos*]" = "";
				COPY_PHASE_STRIP = NO;
				ENABLE_STRICT_OBJC_MSGSEND = YES;
				GCC_C_LANGUAGE_STANDARD = gnu99;
				GCC_DYNAMIC_NO_PIC = NO;
				GCC_OPTIMIZATION_LEVEL = 0;
				GCC_PREPROCESSOR_DEFINITIONS = (
					"DEBUG=1",
					"$(inherited)",
				);
				GCC_SYMBOLS_PRIVATE_EXTERN = NO;
				GCC_WARN_64_TO_32_BIT_CONVERSION = YES;
				GCC_WARN_ABOUT_RETURN_TYPE = YES_ERROR;
				GCC_WARN_UNDECLARED_SELECTOR = YES;
				GCC_WARN_UNINITIALIZED_AUTOS = YES_AGGRESSIVE;
				GCC_WARN_UNUSED_FUNCTION = YES;
				GCC_WARN_UNUSED_VARIABLE = YES;
				IPHONEOS_DEPLOYMENT_TARGET = 8.1;
				MTL_ENABLE_DEBUG_INFO = YES;
				ONLY_ACTIVE_ARCH = YES;
				PROVISIONING_PROFILE = "ca55168b-6367-476f-b301-6484c086ad69";
				SDKROOT = iphoneos;
				TARGETED_DEVICE_FAMILY = "1,2";
			};
			name = Debug;
		};
		1A39BDCD1A4A4F390013B1D6 /* Release */ = {
			isa = XCBuildConfiguration;
			buildSettings = {
				ALWAYS_SEARCH_USER_PATHS = NO;
				CLANG_CXX_LANGUAGE_STANDARD = "gnu++0x";
				CLANG_CXX_LIBRARY = "libc++";
				CLANG_ENABLE_MODULES = YES;
				CLANG_ENABLE_OBJC_ARC = YES;
				CLANG_WARN_BOOL_CONVERSION = YES;
				CLANG_WARN_CONSTANT_CONVERSION = YES;
				CLANG_WARN_DIRECT_OBJC_ISA_USAGE = YES_ERROR;
				CLANG_WARN_EMPTY_BODY = YES;
				CLANG_WARN_ENUM_CONVERSION = YES;
				CLANG_WARN_INT_CONVERSION = YES;
				CLANG_WARN_OBJC_ROOT_CLASS = YES_ERROR;
				CLANG_WARN_UNREACHABLE_CODE = YES;
				CLANG_WARN__DUPLICATE_METHOD_MATCH = YES;
				CODE_SIGN_IDENTITY = "iPhone Distribution";
				"CODE_SIGN_IDENTITY[sdk=iphoneos*]" = "iPhone Distribution";
				COPY_PHASE_STRIP = YES;
				ENABLE_NS_ASSERTIONS = NO;
				ENABLE_STRICT_OBJC_MSGSEND = YES;
				GCC_C_LANGUAGE_STANDARD = gnu99;
				GCC_WARN_64_TO_32_BIT_CONVERSION = YES;
				GCC_WARN_ABOUT_RETURN_TYPE = YES_ERROR;
				GCC_WARN_UNDECLARED_SELECTOR = YES;
				GCC_WARN_UNINITIALIZED_AUTOS = YES_AGGRESSIVE;
				GCC_WARN_UNUSED_FUNCTION = YES;
				GCC_WARN_UNUSED_VARIABLE = YES;
				IPHONEOS_DEPLOYMENT_TARGET = 8.1;
				MTL_ENABLE_DEBUG_INFO = NO;
				PROVISIONING_PROFILE = "ca55168b-6367-476f-b301-6484c086ad69";
				"PROVISIONING_PROFILE[sdk=*]" = "";
				SDKROOT = iphoneos;
				TARGETED_DEVICE_FAMILY = "1,2";
				VALIDATE_PRODUCT = YES;
			};
			name = Release;
		};
		1A39BDCF1A4A4F390013B1D6 /* Debug */ = {
			isa = XCBuildConfiguration;
			baseConfigurationReference = B0667068D44C9355A5183498 /* Pods-easy game.debug.xcconfig */;
			buildSettings = {
				ASSETCATALOG_COMPILER_APPICON_NAME = AppIcon;
				CODE_SIGN_IDENTITY = "iPhone Distribution: kunio shimizu";
				"CODE_SIGN_IDENTITY[sdk=iphoneos*]" = "iPhone Distribution: kunio shimizu";
				INFOPLIST_FILE = "easy game/Supporting Files/Info.plist";
				LD_RUNPATH_SEARCH_PATHS = "$(inherited) @executable_path/Frameworks";
				LIBRARY_SEARCH_PATHS = (
					"$(inherited)",
					"$(PROJECT_DIR)/easy",
				);
				OTHER_LDFLAGS = (
					"-framework",
					"$(inherited)",
				);
				PRODUCT_NAME = "$(TARGET_NAME)";
				PROVISIONING_PROFILE = "ca55168b-6367-476f-b301-6484c086ad69";
				TARGETED_DEVICE_FAMILY = 1;
			};
			name = Debug;
		};
		1A39BDD01A4A4F390013B1D6 /* Release */ = {
			isa = XCBuildConfiguration;
			baseConfigurationReference = C414DD276CA49424823FBABD /* Pods-easy game.release.xcconfig */;
			buildSettings = {
				ASSETCATALOG_COMPILER_APPICON_NAME = AppIcon;
				CODE_SIGN_IDENTITY = "iPhone Distribution: kunio shimizu";
				"CODE_SIGN_IDENTITY[sdk=iphoneos*]" = "iPhone Distribution: kunio shimizu";
				INFOPLIST_FILE = "easy game/Supporting Files/Info.plist";
				LD_RUNPATH_SEARCH_PATHS = "$(inherited) @executable_path/Frameworks";
				LIBRARY_SEARCH_PATHS = (
					"$(inherited)",
					"$(PROJECT_DIR)/easy",
				);
				OTHER_LDFLAGS = (
					"-framework",
					"$(inherited)",
				);
				PRODUCT_NAME = "$(TARGET_NAME)";
				PROVISIONING_PROFILE = "ca55168b-6367-476f-b301-6484c086ad69";
				TARGETED_DEVICE_FAMILY = 1;
			};
			name = Release;
		};
		1A39BDD21A4A4F390013B1D6 /* Debug */ = {
			isa = XCBuildConfiguration;
			buildSettings = {
				BUNDLE_LOADER = "$(TEST_HOST)";
				FRAMEWORK_SEARCH_PATHS = (
					"$(SDKROOT)/Developer/Library/Frameworks",
					"$(inherited)",
				);
				GCC_PREPROCESSOR_DEFINITIONS = (
					"DEBUG=1",
					"$(inherited)",
				);
				INFOPLIST_FILE = "easy gameTests/Supporting Files/Info.plist";
				LD_RUNPATH_SEARCH_PATHS = "$(inherited) @executable_path/Frameworks @loader_path/Frameworks";
				PRODUCT_NAME = "$(TARGET_NAME)";
				TEST_HOST = "$(BUILT_PRODUCTS_DIR)/easy game.app/easy game";
			};
			name = Debug;
		};
		1A39BDD31A4A4F390013B1D6 /* Release */ = {
			isa = XCBuildConfiguration;
			buildSettings = {
				BUNDLE_LOADER = "$(TEST_HOST)";
				FRAMEWORK_SEARCH_PATHS = (
					"$(SDKROOT)/Developer/Library/Frameworks",
					"$(inherited)",
				);
				INFOPLIST_FILE = "easy gameTests/Supporting Files/Info.plist";
				LD_RUNPATH_SEARCH_PATHS = "$(inherited) @executable_path/Frameworks @loader_path/Frameworks";
				PRODUCT_NAME = "$(TARGET_NAME)";
				TEST_HOST = "$(BUILT_PRODUCTS_DIR)/easy game.app/easy game";
			};
			name = Release;
		};
/* End XCBuildConfiguration section */

/* Begin XCConfigurationList section */
		1A39BDA61A4A4F390013B1D6 /* Build configuration list for PBXProject "easy game" */ = {
			isa = XCConfigurationList;
			buildConfigurations = (
				1A39BDCC1A4A4F390013B1D6 /* Debug */,
				1A39BDCD1A4A4F390013B1D6 /* Release */,
			);
			defaultConfigurationIsVisible = 0;
			defaultConfigurationName = Release;
		};
		1A39BDCE1A4A4F390013B1D6 /* Build configuration list for PBXNativeTarget "easy game" */ = {
			isa = XCConfigurationList;
			buildConfigurations = (
				1A39BDCF1A4A4F390013B1D6 /* Debug */,
				1A39BDD01A4A4F390013B1D6 /* Release */,
			);
			defaultConfigurationIsVisible = 0;
			defaultConfigurationName = Release;
		};
		1A39BDD11A4A4F390013B1D6 /* Build configuration list for PBXNativeTarget "easy gameTests" */ = {
			isa = XCConfigurationList;
			buildConfigurations = (
				1A39BDD21A4A4F390013B1D6 /* Debug */,
				1A39BDD31A4A4F390013B1D6 /* Release */,
			);
			defaultConfigurationIsVisible = 0;
			defaultConfigurationName = Release;
		};
/* End XCConfigurationList section */
	};
	rootObject = 1A39BDA31A4A4F390013B1D6 /* Project object */;
}
